
Microsoft Visual Studio Solution File, Format Version 12.00
# Visual Studio Version 17
VisualStudioVersion = 17.5.33530.505
MinimumVisualStudioVersion = 10.0.40219.1
Project("{FAE04EC0-301F-11D3-BF4B-00C04F79EFBC}") = "Presentations", "Presentations\Presentations.csproj", "{3E8A546D-6CDF-4514-81E9-3228616D9A71}"
EndProject
Global
	GlobalSection(SolutionConfigurationPlatforms) = preSolution
		Debug|Any CPU = Debug|Any CPU
		Release|Any CPU = Release|Any CPU
	EndGlobalSection
	GlobalSection(ProjectConfigurationPlatforms) = postSolution
		{3E8A546D-6CDF-4514-81E9-3228616D9A71}.Debug|Any CPU.ActiveCfg = Debug|Any CPU
		{3E8A546D-6CDF-4514-81E9-3228616D9A71}.Debug|Any CPU.Build.0 = Debug|Any CPU
		{3E8A546D-6CDF-4514-81E9-3228616D9A71}.Release|Any CPU.ActiveCfg = Release|Any CPU
		{3E8A546D-6CDF-4514-81E9-3228616D9A71}.Release|Any CPU.Build.0 = Release|Any CPU
	EndGlobalSection
	GlobalSection(SolutionProperties) = preSolution
		HideSolutionNode = FALSE
	EndGlobalSection
	GlobalSection(ExtensibilityGlobals) = postSolution
		SolutionGuid = {860FA665-6A39-4CCF-A9C7-434C37D4B70C}
	EndGlobalSection
EndGlobal
